
Microsoft Visual Studio Solution File, Format Version 12.00
# Visual Studio Version 17
VisualStudioVersion = 17.9.34622.214
MinimumVisualStudioVersion = 10.0.40219.1
Project("{FAE04EC0-301F-11D3-BF4B-00C04F79EFBC}") = "FilesSafeReserve", "FilesSafeReserve\FilesSafeReserve.csproj", "{5067A17A-3387-4000-A19B-2E8BD8B45E93}"
EndProject
Project("{FAE04EC0-301F-11D3-BF4B-00C04F79EFBC}") = "ShyryiFileSystemLibrary", "ShyryiFileSystemLibrary\ShyryiFileSystemLibrary.csproj", "{9A62C41E-8503-4D58-862C-DEC9DFE867B9}"
EndProject
Project("{FAE04EC0-301F-11D3-BF4B-00C04F79EFBC}") = "ShyryiFileSystemLibrary.Tests", "ShyryiFileSystemLibrary.Tests\ShyryiFileSystemLibrary.Tests.csproj", "{BD2E168A-7EB3-4AB5-803B-5535DD52C8C2}"
EndProject
Project("{FAE04EC0-301F-11D3-BF4B-00C04F79EFBC}") = "FilesSafeReserve.Tests", "FilesSafeReserve.Tests\FilesSafeReserve.Tests.csproj", "{3767A4D7-1059-4D75-854B-275E644DD9B3}"
EndProject
Global
	GlobalSection(SolutionConfigurationPlatforms) = preSolution
		Debug|Any CPU = Debug|Any CPU
		Release|Any CPU = Release|Any CPU
	EndGlobalSection
	GlobalSection(ProjectConfigurationPlatforms) = postSolution
		{5067A17A-3387-4000-A19B-2E8BD8B45E93}.Debug|Any CPU.ActiveCfg = Debug|Any CPU
		{5067A17A-3387-4000-A19B-2E8BD8B45E93}.Debug|Any CPU.Build.0 = Debug|Any CPU
		{5067A17A-3387-4000-A19B-2E8BD8B45E93}.Debug|Any CPU.Deploy.0 = Debug|Any CPU
		{5067A17A-3387-4000-A19B-2E8BD8B45E93}.Release|Any CPU.ActiveCfg = Release|Any CPU
		{5067A17A-3387-4000-A19B-2E8BD8B45E93}.Release|Any CPU.Build.0 = Release|Any CPU
		{5067A17A-3387-4000-A19B-2E8BD8B45E93}.Release|Any CPU.Deploy.0 = Release|Any CPU
		{9A62C41E-8503-4D58-862C-DEC9DFE867B9}.Debug|Any CPU.ActiveCfg = Debug|Any CPU
		{9A62C41E-8503-4D58-862C-DEC9DFE867B9}.Debug|Any CPU.Build.0 = Debug|Any CPU
		{9A62C41E-8503-4D58-862C-DEC9DFE867B9}.Release|Any CPU.ActiveCfg = Release|Any CPU
		{9A62C41E-8503-4D58-862C-DEC9DFE867B9}.Release|Any CPU.Build.0 = Release|Any CPU
		{BD2E168A-7EB3-4AB5-803B-5535DD52C8C2}.Debug|Any CPU.ActiveCfg = Debug|Any CPU
		{BD2E168A-7EB3-4AB5-803B-5535DD52C8C2}.Debug|Any CPU.Build.0 = Debug|Any CPU
		{BD2E168A-7EB3-4AB5-803B-5535DD52C8C2}.Release|Any CPU.ActiveCfg = Release|Any CPU
		{BD2E168A-7EB3-4AB5-803B-5535DD52C8C2}.Release|Any CPU.Build.0 = Release|Any CPU
		{3767A4D7-1059-4D75-854B-275E644DD9B3}.Debug|Any CPU.ActiveCfg = Debug|Any CPU
		{3767A4D7-1059-4D75-854B-275E644DD9B3}.Debug|Any CPU.Build.0 = Debug|Any CPU
		{3767A4D7-1059-4D75-854B-275E644DD9B3}.Release|Any CPU.ActiveCfg = Release|Any CPU
		{3767A4D7-1059-4D75-854B-275E644DD9B3}.Release|Any CPU.Build.0 = Release|Any CPU
	EndGlobalSection
	GlobalSection(SolutionProperties) = preSolution
		HideSolutionNode = FALSE
	EndGlobalSection
	GlobalSection(ExtensibilityGlobals) = postSolution
		SolutionGuid = {DDE2B2E4-E5E8-4926-AD3C-D119BEBFD68B}
	EndGlobalSection
EndGlobal
